
Microsoft Visual Studio Solution File, Format Version 12.00
# Visual Studio Version 17
VisualStudioVersion = 17.6.33815.320
MinimumVisualStudioVersion = 10.0.40219.1
Project("{8BC9CEB8-8B4A-11D0-8D11-00A0C91BC942}") = "C++", "C++\C++.vcxproj", "{2DABEB73-5F3E-4EE0-B5FA-0D87EEC48577}"
EndProject
Project("{8BC9CEB8-8B4A-11D0-8D11-00A0C91BC942}") = "ARRAY", "ARRAY\ARRAY.vcxproj", "{329C85B6-3618-4A89-B876-A5DA14451D80}"
EndProject
Project("{8BC9CEB8-8B4A-11D0-8D11-00A0C91BC942}") = "Project1", "Project1\Project1.vcxproj", "{DFF187FB-211D-4727-90BC-0262F395863C}"
EndProject
Project("{8BC9CEB8-8B4A-11D0-8D11-00A0C91BC942}") = "Functions", "Functions\Functions.vcxproj", "{E2E738A9-730F-496E-A2DF-8F14DB773FE1}"
EndProject
Project("{8BC9CEB8-8B4A-11D0-8D11-00A0C91BC942}") = "Functions_1", "Functions_1\Functions_1.vcxproj", "{1E3F868C-C8A3-4115-B687-C442518B9735}"
EndProject
Project("{8BC9CEB8-8B4A-11D0-8D11-00A0C91BC942}") = "Function overloading", "Function overloading\Function overloading.vcxproj", "{34C69C1F-F018-4875-9CBE-50B540681C21}"
EndProject
Project("{8BC9CEB8-8B4A-11D0-8D11-00A0C91BC942}") = "F", "F\F.vcxproj", "{CBB9DE5B-27A2-457C-B1F0-DB3337035B26}"
EndProject
Project("{8BC9CEB8-8B4A-11D0-8D11-00A0C91BC942}") = "Recursion", "Recursion\Recursion.vcxproj", "{57A57B92-31A9-4112-B2E4-E693789AF994}"
EndProject
Project("{8BC9CEB8-8B4A-11D0-8D11-00A0C91BC942}") = "Tasks", "Tasks\Tasks.vcxproj", "{DA2154E0-3EFD-4234-95B4-1B99CAE5EBC2}"
EndProject
Project("{8BC9CEB8-8B4A-11D0-8D11-00A0C91BC942}") = "Dynamic memory", "Dynamic memory\Dynamic memory.vcxproj", "{141C82FD-46B8-4DF0-B4E0-78B43BCB0AE5}"
EndProject
Project("{8BC9CEB8-8B4A-11D0-8D11-00A0C91BC942}") = "C-string functions", "C-string functions\C-string functions.vcxproj", "{655AAEED-30F8-4E7E-A655-79C2974612A6}"
EndProject
Project("{8BC9CEB8-8B4A-11D0-8D11-00A0C91BC942}") = "Getch_game()", "Getch_game()\Getch_game().vcxproj", "{85916963-8BD3-4FE9-B5AF-1DCFBDBBEC1A}"
EndProject
Project("{8BC9CEB8-8B4A-11D0-8D11-00A0C91BC942}") = "Pointer to pointer", "Pointer to pointer\Pointer to pointer.vcxproj", "{AB1F3F4B-F1E6-4886-8934-DB3924AC1A41}"
EndProject
Project("{8BC9CEB8-8B4A-11D0-8D11-00A0C91BC942}") = "Structs", "Structs\Structs.vcxproj", "{A4C1AC33-5F04-4193-8AC5-E1F1A2D716B2}"
EndProject
Project("{8BC9CEB8-8B4A-11D0-8D11-00A0C91BC942}") = "Pointer to function", "Pointer to function\Pointer to function.vcxproj", "{E702EF28-C018-4800-9B44-94BF51B04A4C}"
EndProject
Project("{8BC9CEB8-8B4A-11D0-8D11-00A0C91BC942}") = "Union", "Union\Union.vcxproj", "{9AC6E9F2-837B-4CFB-94DC-ECB835C4E156}"
EndProject
Project("{8BC9CEB8-8B4A-11D0-8D11-00A0C91BC942}") = "Games", "Files\Files.vcxproj", "{3CDC052C-3299-4EA7-8087-B55106C52781}"
EndProject
Project("{8BC9CEB8-8B4A-11D0-8D11-00A0C91BC942}") = "Colors", "Colors\Colors.vcxproj", "{DD855F4B-06E8-4248-95F9-E78DCD139118}"
EndProject
Project("{8BC9CEB8-8B4A-11D0-8D11-00A0C91BC942}") = "Final project'", "Final project'\Final project'.vcxproj", "{1DEA81CF-F832-47BA-B09A-DD36E265CA4F}"
EndProject
Global
	GlobalSection(SolutionConfigurationPlatforms) = preSolution
		Debug|x64 = Debug|x64
		Debug|x86 = Debug|x86
		Release|x64 = Release|x64
		Release|x86 = Release|x86
	EndGlobalSection
	GlobalSection(ProjectConfigurationPlatforms) = postSolution
		{2DABEB73-5F3E-4EE0-B5FA-0D87EEC48577}.Debug|x64.ActiveCfg = Debug|x64
		{2DABEB73-5F3E-4EE0-B5FA-0D87EEC48577}.Debug|x64.Build.0 = Debug|x64
		{2DABEB73-5F3E-4EE0-B5FA-0D87EEC48577}.Debug|x86.ActiveCfg = Debug|Win32
		{2DABEB73-5F3E-4EE0-B5FA-0D87EEC48577}.Debug|x86.Build.0 = Debug|Win32
		{2DABEB73-5F3E-4EE0-B5FA-0D87EEC48577}.Release|x64.ActiveCfg = Release|x64
		{2DABEB73-5F3E-4EE0-B5FA-0D87EEC48577}.Release|x64.Build.0 = Release|x64
		{2DABEB73-5F3E-4EE0-B5FA-0D87EEC48577}.Release|x86.ActiveCfg = Release|Win32
		{2DABEB73-5F3E-4EE0-B5FA-0D87EEC48577}.Release|x86.Build.0 = Release|Win32
		{329C85B6-3618-4A89-B876-A5DA14451D80}.Debug|x64.ActiveCfg = Debug|x64
		{329C85B6-3618-4A89-B876-A5DA14451D80}.Debug|x64.Build.0 = Debug|x64
		{329C85B6-3618-4A89-B876-A5DA14451D80}.Debug|x86.ActiveCfg = Debug|Win32
		{329C85B6-3618-4A89-B876-A5DA14451D80}.Debug|x86.Build.0 = Debug|Win32
		{329C85B6-3618-4A89-B876-A5DA14451D80}.Release|x64.ActiveCfg = Release|x64
		{329C85B6-3618-4A89-B876-A5DA14451D80}.Release|x64.Build.0 = Release|x64
		{329C85B6-3618-4A89-B876-A5DA14451D80}.Release|x86.ActiveCfg = Release|Win32
		{329C85B6-3618-4A89-B876-A5DA14451D80}.Release|x86.Build.0 = Release|Win32
		{DFF187FB-211D-4727-90BC-0262F395863C}.Debug|x64.ActiveCfg = Debug|x64
		{DFF187FB-211D-4727-90BC-0262F395863C}.Debug|x64.Build.0 = Debug|x64
		{DFF187FB-211D-4727-90BC-0262F395863C}.Debug|x86.ActiveCfg = Debug|Win32
		{DFF187FB-211D-4727-90BC-0262F395863C}.Debug|x86.Build.0 = Debug|Win32
		{DFF187FB-211D-4727-90BC-0262F395863C}.Release|x64.ActiveCfg = Release|x64
		{DFF187FB-211D-4727-90BC-0262F395863C}.Release|x64.Build.0 = Release|x64
		{DFF187FB-211D-4727-90BC-0262F395863C}.Release|x86.ActiveCfg = Release|Win32
		{DFF187FB-211D-4727-90BC-0262F395863C}.Release|x86.Build.0 = Release|Win32
		{E2E738A9-730F-496E-A2DF-8F14DB773FE1}.Debug|x64.ActiveCfg = Debug|x64
		{E2E738A9-730F-496E-A2DF-8F14DB773FE1}.Debug|x64.Build.0 = Debug|x64
		{E2E738A9-730F-496E-A2DF-8F14DB773FE1}.Debug|x86.ActiveCfg = Debug|Win32
		{E2E738A9-730F-496E-A2DF-8F14DB773FE1}.Debug|x86.Build.0 = Debug|Win32
		{E2E738A9-730F-496E-A2DF-8F14DB773FE1}.Release|x64.ActiveCfg = Release|x64
		{E2E738A9-730F-496E-A2DF-8F14DB773FE1}.Release|x64.Build.0 = Release|x64
		{E2E738A9-730F-496E-A2DF-8F14DB773FE1}.Release|x86.ActiveCfg = Release|Win32
		{E2E738A9-730F-496E-A2DF-8F14DB773FE1}.Release|x86.Build.0 = Release|Win32
		{1E3F868C-C8A3-4115-B687-C442518B9735}.Debug|x64.ActiveCfg = Debug|x64
		{1E3F868C-C8A3-4115-B687-C442518B9735}.Debug|x64.Build.0 = Debug|x64
		{1E3F868C-C8A3-4115-B687-C442518B9735}.Debug|x86.ActiveCfg = Debug|Win32
		{1E3F868C-C8A3-4115-B687-C442518B9735}.Debug|x86.Build.0 = Debug|Win32
		{1E3F868C-C8A3-4115-B687-C442518B9735}.Release|x64.ActiveCfg = Release|x64
		{1E3F868C-C8A3-4115-B687-C442518B9735}.Release|x64.Build.0 = Release|x64
		{1E3F868C-C8A3-4115-B687-C442518B9735}.Release|x86.ActiveCfg = Release|Win32
		{1E3F868C-C8A3-4115-B687-C442518B9735}.Release|x86.Build.0 = Release|Win32
		{34C69C1F-F018-4875-9CBE-50B540681C21}.Debug|x64.ActiveCfg = Debug|x64
		{34C69C1F-F018-4875-9CBE-50B540681C21}.Debug|x64.Build.0 = Debug|x64
		{34C69C1F-F018-4875-9CBE-50B540681C21}.Debug|x86.ActiveCfg = Debug|Win32
		{34C69C1F-F018-4875-9CBE-50B540681C21}.Debug|x86.Build.0 = Debug|Win32
		{34C69C1F-F018-4875-9CBE-50B540681C21}.Release|x64.ActiveCfg = Release|x64
		{34C69C1F-F018-4875-9CBE-50B540681C21}.Release|x64.Build.0 = Release|x64
		{34C69C1F-F018-4875-9CBE-50B540681C21}.Release|x86.ActiveCfg = Release|Win32
		{34C69C1F-F018-4875-9CBE-50B540681C21}.Release|x86.Build.0 = Release|Win32
		{CBB9DE5B-27A2-457C-B1F0-DB3337035B26}.Debug|x64.ActiveCfg = Debug|x64
		{CBB9DE5B-27A2-457C-B1F0-DB3337035B26}.Debug|x64.Build.0 = Debug|x64
		{CBB9DE5B-27A2-457C-B1F0-DB3337035B26}.Debug|x86.ActiveCfg = Debug|Win32
		{CBB9DE5B-27A2-457C-B1F0-DB3337035B26}.Debug|x86.Build.0 = Debug|Win32
		{CBB9DE5B-27A2-457C-B1F0-DB3337035B26}.Release|x64.ActiveCfg = Release|x64
		{CBB9DE5B-27A2-457C-B1F0-DB3337035B26}.Release|x64.Build.0 = Release|x64
		{CBB9DE5B-27A2-457C-B1F0-DB3337035B26}.Release|x86.ActiveCfg = Release|Win32
		{CBB9DE5B-27A2-457C-B1F0-DB3337035B26}.Release|x86.Build.0 = Release|Win32
		{57A57B92-31A9-4112-B2E4-E693789AF994}.Debug|x64.ActiveCfg = Debug|x64
		{57A57B92-31A9-4112-B2E4-E693789AF994}.Debug|x64.Build.0 = Debug|x64
		{57A57B92-31A9-4112-B2E4-E693789AF994}.Debug|x86.ActiveCfg = Debug|Win32
		{57A57B92-31A9-4112-B2E4-E693789AF994}.Debug|x86.Build.0 = Debug|Win32
		{57A57B92-31A9-4112-B2E4-E693789AF994}.Release|x64.ActiveCfg = Release|x64
		{57A57B92-31A9-4112-B2E4-E693789AF994}.Release|x64.Build.0 = Release|x64
		{57A57B92-31A9-4112-B2E4-E693789AF994}.Release|x86.ActiveCfg = Release|Win32
		{57A57B92-31A9-4112-B2E4-E693789AF994}.Release|x86.Build.0 = Release|Win32
		{DA2154E0-3EFD-4234-95B4-1B99CAE5EBC2}.Debug|x64.ActiveCfg = Debug|x64
		{DA2154E0-3EFD-4234-95B4-1B99CAE5EBC2}.Debug|x64.Build.0 = Debug|x64
		{DA2154E0-3EFD-4234-95B4-1B99CAE5EBC2}.Debug|x86.ActiveCfg = Debug|Win32
		{DA2154E0-3EFD-4234-95B4-1B99CAE5EBC2}.Debug|x86.Build.0 = Debug|Win32
		{DA2154E0-3EFD-4234-95B4-1B99CAE5EBC2}.Release|x64.ActiveCfg = Release|x64
		{DA2154E0-3EFD-4234-95B4-1B99CAE5EBC2}.Release|x64.Build.0 = Release|x64
		{DA2154E0-3EFD-4234-95B4-1B99CAE5EBC2}.Release|x86.ActiveCfg = Release|Win32
		{DA2154E0-3EFD-4234-95B4-1B99CAE5EBC2}.Release|x86.Build.0 = Release|Win32
		{141C82FD-46B8-4DF0-B4E0-78B43BCB0AE5}.Debug|x64.ActiveCfg = Debug|x64
		{141C82FD-46B8-4DF0-B4E0-78B43BCB0AE5}.Debug|x64.Build.0 = Debug|x64
		{141C82FD-46B8-4DF0-B4E0-78B43BCB0AE5}.Debug|x86.ActiveCfg = Debug|Win32
		{141C82FD-46B8-4DF0-B4E0-78B43BCB0AE5}.Debug|x86.Build.0 = Debug|Win32
		{141C82FD-46B8-4DF0-B4E0-78B43BCB0AE5}.Release|x64.ActiveCfg = Release|x64
		{141C82FD-46B8-4DF0-B4E0-78B43BCB0AE5}.Release|x64.Build.0 = Release|x64
		{141C82FD-46B8-4DF0-B4E0-78B43BCB0AE5}.Release|x86.ActiveCfg = Release|Win32
		{141C82FD-46B8-4DF0-B4E0-78B43BCB0AE5}.Release|x86.Build.0 = Release|Win32
		{655AAEED-30F8-4E7E-A655-79C2974612A6}.Debug|x64.ActiveCfg = Debug|x64
		{655AAEED-30F8-4E7E-A655-79C2974612A6}.Debug|x64.Build.0 = Debug|x64
		{655AAEED-30F8-4E7E-A655-79C2974612A6}.Debug|x86.ActiveCfg = Debug|Win32
		{655AAEED-30F8-4E7E-A655-79C2974612A6}.Debug|x86.Build.0 = Debug|Win32
		{655AAEED-30F8-4E7E-A655-79C2974612A6}.Release|x64.ActiveCfg = Release|x64
		{655AAEED-30F8-4E7E-A655-79C2974612A6}.Release|x64.Build.0 = Release|x64
		{655AAEED-30F8-4E7E-A655-79C2974612A6}.Release|x86.ActiveCfg = Release|Win32
		{655AAEED-30F8-4E7E-A655-79C2974612A6}.Release|x86.Build.0 = Release|Win32
		{85916963-8BD3-4FE9-B5AF-1DCFBDBBEC1A}.Debug|x64.ActiveCfg = Debug|x64
		{85916963-8BD3-4FE9-B5AF-1DCFBDBBEC1A}.Debug|x64.Build.0 = Debug|x64
		{85916963-8BD3-4FE9-B5AF-1DCFBDBBEC1A}.Debug|x86.ActiveCfg = Debug|Win32
		{85916963-8BD3-4FE9-B5AF-1DCFBDBBEC1A}.Debug|x86.Build.0 = Debug|Win32
		{85916963-8BD3-4FE9-B5AF-1DCFBDBBEC1A}.Release|x64.ActiveCfg = Release|x64
		{85916963-8BD3-4FE9-B5AF-1DCFBDBBEC1A}.Release|x64.Build.0 = Release|x64
		{85916963-8BD3-4FE9-B5AF-1DCFBDBBEC1A}.Release|x86.ActiveCfg = Release|Win32
		{85916963-8BD3-4FE9-B5AF-1DCFBDBBEC1A}.Release|x86.Build.0 = Release|Win32
		{AB1F3F4B-F1E6-4886-8934-DB3924AC1A41}.Debug|x64.ActiveCfg = Debug|x64
		{AB1F3F4B-F1E6-4886-8934-DB3924AC1A41}.Debug|x64.Build.0 = Debug|x64
		{AB1F3F4B-F1E6-4886-8934-DB3924AC1A41}.Debug|x86.ActiveCfg = Debug|Win32
		{AB1F3F4B-F1E6-4886-8934-DB3924AC1A41}.Debug|x86.Build.0 = Debug|Win32
		{AB1F3F4B-F1E6-4886-8934-DB3924AC1A41}.Release|x64.ActiveCfg = Release|x64
		{AB1F3F4B-F1E6-4886-8934-DB3924AC1A41}.Release|x64.Build.0 = Release|x64
		{AB1F3F4B-F1E6-4886-8934-DB3924AC1A41}.Release|x86.ActiveCfg = Release|Win32
		{AB1F3F4B-F1E6-4886-8934-DB3924AC1A41}.Release|x86.Build.0 = Release|Win32
		{A4C1AC33-5F04-4193-8AC5-E1F1A2D716B2}.Debug|x64.ActiveCfg = Debug|x64
		{A4C1AC33-5F04-4193-8AC5-E1F1A2D716B2}.Debug|x64.Build.0 = Debug|x64
		{A4C1AC33-5F04-4193-8AC5-E1F1A2D716B2}.Debug|x86.ActiveCfg = Debug|Win32
		{A4C1AC33-5F04-4193-8AC5-E1F1A2D716B2}.Debug|x86.Build.0 = Debug|Win32
		{A4C1AC33-5F04-4193-8AC5-E1F1A2D716B2}.Release|x64.ActiveCfg = Release|x64
		{A4C1AC33-5F04-4193-8AC5-E1F1A2D716B2}.Release|x64.Build.0 = Release|x64
		{A4C1AC33-5F04-4193-8AC5-E1F1A2D716B2}.Release|x86.ActiveCfg = Release|Win32
		{A4C1AC33-5F04-4193-8AC5-E1F1A2D716B2}.Release|x86.Build.0 = Release|Win32
		{E702EF28-C018-4800-9B44-94BF51B04A4C}.Debug|x64.ActiveCfg = Debug|x64
		{E702EF28-C018-4800-9B44-94BF51B04A4C}.Debug|x64.Build.0 = Debug|x64
		{E702EF28-C018-4800-9B44-94BF51B04A4C}.Debug|x86.ActiveCfg = Debug|Win32
		{E702EF28-C018-4800-9B44-94BF51B04A4C}.Debug|x86.Build.0 = Debug|Win32
		{E702EF28-C018-4800-9B44-94BF51B04A4C}.Release|x64.ActiveCfg = Release|x64
		{E702EF28-C018-4800-9B44-94BF51B04A4C}.Release|x64.Build.0 = Release|x64
		{E702EF28-C018-4800-9B44-94BF51B04A4C}.Release|x86.ActiveCfg = Release|Win32
		{E702EF28-C018-4800-9B44-94BF51B04A4C}.Release|x86.Build.0 = Release|Win32
		{9AC6E9F2-837B-4CFB-94DC-ECB835C4E156}.Debug|x64.ActiveCfg = Debug|x64
		{9AC6E9F2-837B-4CFB-94DC-ECB835C4E156}.Debug|x64.Build.0 = Debug|x64
		{9AC6E9F2-837B-4CFB-94DC-ECB835C4E156}.Debug|x86.ActiveCfg = Debug|Win32
		{9AC6E9F2-837B-4CFB-94DC-ECB835C4E156}.Debug|x86.Build.0 = Debug|Win32
		{9AC6E9F2-837B-4CFB-94DC-ECB835C4E156}.Release|x64.ActiveCfg = Release|x64
		{9AC6E9F2-837B-4CFB-94DC-ECB835C4E156}.Release|x64.Build.0 = Release|x64
		{9AC6E9F2-837B-4CFB-94DC-ECB835C4E156}.Release|x86.ActiveCfg = Release|Win32
		{9AC6E9F2-837B-4CFB-94DC-ECB835C4E156}.Release|x86.Build.0 = Release|Win32
		{3CDC052C-3299-4EA7-8087-B55106C52781}.Debug|x64.ActiveCfg = Debug|x64
		{3CDC052C-3299-4EA7-8087-B55106C52781}.Debug|x64.Build.0 = Debug|x64
		{3CDC052C-3299-4EA7-8087-B55106C52781}.Debug|x86.ActiveCfg = Debug|Win32
		{3CDC052C-3299-4EA7-8087-B55106C52781}.Debug|x86.Build.0 = Debug|Win32
		{3CDC052C-3299-4EA7-8087-B55106C52781}.Release|x64.ActiveCfg = Release|x64
		{3CDC052C-3299-4EA7-8087-B55106C52781}.Release|x64.Build.0 = Release|x64
		{3CDC052C-3299-4EA7-8087-B55106C52781}.Release|x86.ActiveCfg = Release|Win32
		{3CDC052C-3299-4EA7-8087-B55106C52781}.Release|x86.Build.0 = Release|Win32
		{DD855F4B-06E8-4248-95F9-E78DCD139118}.Debug|x64.ActiveCfg = Debug|x64
		{DD855F4B-06E8-4248-95F9-E78DCD139118}.Debug|x64.Build.0 = Debug|x64
		{DD855F4B-06E8-4248-95F9-E78DCD139118}.Debug|x86.ActiveCfg = Debug|Win32
		{DD855F4B-06E8-4248-95F9-E78DCD139118}.Debug|x86.Build.0 = Debug|Win32
		{DD855F4B-06E8-4248-95F9-E78DCD139118}.Release|x64.ActiveCfg = Release|x64
		{DD855F4B-06E8-4248-95F9-E78DCD139118}.Release|x64.Build.0 = Release|x64
		{DD855F4B-06E8-4248-95F9-E78DCD139118}.Release|x86.ActiveCfg = Release|Win32
		{DD855F4B-06E8-4248-95F9-E78DCD139118}.Release|x86.Build.0 = Release|Win32
		{1DEA81CF-F832-47BA-B09A-DD36E265CA4F}.Debug|x64.ActiveCfg = Debug|x64
		{1DEA81CF-F832-47BA-B09A-DD36E265CA4F}.Debug|x64.Build.0 = Debug|x64
		{1DEA81CF-F832-47BA-B09A-DD36E265CA4F}.Debug|x86.ActiveCfg = Debug|Win32
		{1DEA81CF-F832-47BA-B09A-DD36E265CA4F}.Debug|x86.Build.0 = Debug|Win32
		{1DEA81CF-F832-47BA-B09A-DD36E265CA4F}.Release|x64.ActiveCfg = Release|x64
		{1DEA81CF-F832-47BA-B09A-DD36E265CA4F}.Release|x64.Build.0 = Release|x64
		{1DEA81CF-F832-47BA-B09A-DD36E265CA4F}.Release|x86.ActiveCfg = Release|Win32
		{1DEA81CF-F832-47BA-B09A-DD36E265CA4F}.Release|x86.Build.0 = Release|Win32
	EndGlobalSection
	GlobalSection(SolutionProperties) = preSolution
		HideSolutionNode = FALSE
	EndGlobalSection
	GlobalSection(ExtensibilityGlobals) = postSolution
		SolutionGuid = {F90FA8ED-1E4A-4C4B-A770-95B25E9C5E45}
	EndGlobalSection
EndGlobal
